
Microsoft Visual Studio Solution File, Format Version 12.00
# Visual Studio Version 16
VisualStudioVersion = 16.0.31205.134
MinimumVisualStudioVersion = 10.0.40219.1
Project("{FAE04EC0-301F-11D3-BF4B-00C04F79EFBC}") = "Exercise3132", "Exercise3132\Exercise3132.csproj", "{259DB056-0775-4440-A3AF-CD5248B4F3FF}"
EndProject
Global
	GlobalSection(SolutionConfigurationPlatforms) = preSolution
		Debug|Any CPU = Debug|Any CPU
		Release|Any CPU = Release|Any CPU
	EndGlobalSection
	GlobalSection(ProjectConfigurationPlatforms) = postSolution
		{259DB056-0775-4440-A3AF-CD5248B4F3FF}.Debug|Any CPU.ActiveCfg = Debug|Any CPU
		{259DB056-0775-4440-A3AF-CD5248B4F3FF}.Debug|Any CPU.Build.0 = Debug|Any CPU
		{259DB056-0775-4440-A3AF-CD5248B4F3FF}.Release|Any CPU.ActiveCfg = Release|Any CPU
		{259DB056-0775-4440-A3AF-CD5248B4F3FF}.Release|Any CPU.Build.0 = Release|Any CPU
	EndGlobalSection
	GlobalSection(SolutionProperties) = preSolution
		HideSolutionNode = FALSE
	EndGlobalSection
	GlobalSection(ExtensibilityGlobals) = postSolution
		SolutionGuid = {B764F39C-17CB-4A30-B2D5-A067C93C9296}
	EndGlobalSection
EndGlobal
